
Microsoft Visual Studio Solution File, Format Version 12.00
# Visual Studio Version 17
VisualStudioVersion = 17.4.33213.308
MinimumVisualStudioVersion = 10.0.40219.1
Project("{FAE04EC0-301F-11D3-BF4B-00C04F79EFBC}") = "Clents", "Clents\Clents.csproj", "{440447AF-2D5D-4371-B52D-E8AC5BF97219}"
EndProject
Global
	GlobalSection(SolutionConfigurationPlatforms) = preSolution
		Debug|Any CPU = Debug|Any CPU
		Release|Any CPU = Release|Any CPU
	EndGlobalSection
	GlobalSection(ProjectConfigurationPlatforms) = postSolution
		{440447AF-2D5D-4371-B52D-E8AC5BF97219}.Debug|Any CPU.ActiveCfg = Debug|Any CPU
		{440447AF-2D5D-4371-B52D-E8AC5BF97219}.Debug|Any CPU.Build.0 = Debug|Any CPU
		{440447AF-2D5D-4371-B52D-E8AC5BF97219}.Release|Any CPU.ActiveCfg = Release|Any CPU
		{440447AF-2D5D-4371-B52D-E8AC5BF97219}.Release|Any CPU.Build.0 = Release|Any CPU
	EndGlobalSection
	GlobalSection(SolutionProperties) = preSolution
		HideSolutionNode = FALSE
	EndGlobalSection
	GlobalSection(ExtensibilityGlobals) = postSolution
		SolutionGuid = {77860436-331F-4392-BDDF-F6D54AB1E715}
	EndGlobalSection
EndGlobal
